// !$*UTF8*$!
{
	archiveVersion = 1;
	classes = {
	};
	objectVersion = 55;
	objects = {

/* Begin PBXBuildFile section */
		54B371022771BCA000592E93 /* AppDelegate.swift in Sources */ = {isa = PBXBuildFile; fileRef = 54B371012771BCA000592E93 /* AppDelegate.swift */; };
		54B371042771BCA000592E93 /* SceneDelegate.swift in Sources */ = {isa = PBXBuildFile; fileRef = 54B371032771BCA000592E93 /* SceneDelegate.swift */; };
		54B3710B2771BCA100592E93 /* Assets.xcassets in Resources */ = {isa = PBXBuildFile; fileRef = 54B3710A2771BCA100592E93 /* Assets.xcassets */; };
		54B3710E2771BCA100592E93 /* LaunchScreen.storyboard in Resources */ = {isa = PBXBuildFile; fileRef = 54B3710C2771BCA100592E93 /* LaunchScreen.storyboard */; };
		54B371192771BCA100592E93 /* ArtworksTests.swift in Sources */ = {isa = PBXBuildFile; fileRef = 54B371182771BCA100592E93 /* ArtworksTests.swift */; };
		54B371352771CB3200592E93 /* AppDIContainer.swift in Sources */ = {isa = PBXBuildFile; fileRef = 54B371342771CB3200592E93 /* AppDIContainer.swift */; };
		54B371372771CB4200592E93 /* AppFlowCoordinator.swift in Sources */ = {isa = PBXBuildFile; fileRef = 54B371362771CB4200592E93 /* AppFlowCoordinator.swift */; };
		54B3713A2771CBC800592E93 /* ArtworksListPresenter.swift in Sources */ = {isa = PBXBuildFile; fileRef = 54B371382771CBC800592E93 /* ArtworksListPresenter.swift */; };
		54B3713B2771CBC800592E93 /* ArtworksListVC.swift in Sources */ = {isa = PBXBuildFile; fileRef = 54B371392771CBC800592E93 /* ArtworksListVC.swift */; };
		54B3713D2771CCA500592E93 /* ArtworksListVC.storyboard in Resources */ = {isa = PBXBuildFile; fileRef = 54B3713C2771CCA500592E93 /* ArtworksListVC.storyboard */; };
		54B3713F2771CFFB00592E93 /* ArtworksSceneFlowCoordinator.swift in Sources */ = {isa = PBXBuildFile; fileRef = 54B3713E2771CFFB00592E93 /* ArtworksSceneFlowCoordinator.swift */; };
		54B371412771D01300592E93 /* ArtworksSceneDIContainer.swift in Sources */ = {isa = PBXBuildFile; fileRef = 54B371402771D01300592E93 /* ArtworksSceneDIContainer.swift */; };
		54B371442771D2DF00592E93 /* ArtworksListRouterProtocol.swift in Sources */ = {isa = PBXBuildFile; fileRef = 54B371432771D2DF00592E93 /* ArtworksListRouterProtocol.swift */; };
		54B3714727720DD500592E93 /* ArtworkListTableCell.swift in Sources */ = {isa = PBXBuildFile; fileRef = 54B3714627720DD500592E93 /* ArtworkListTableCell.swift */; };
		54B3714A2772F77800592E93 /* StoryboardInstantiable.swift in Sources */ = {isa = PBXBuildFile; fileRef = 54B371492772F77800592E93 /* StoryboardInstantiable.swift */; };
		54B371512772F80C00592E93 /* Artwork.swift in Sources */ = {isa = PBXBuildFile; fileRef = 54B371502772F80C00592E93 /* Artwork.swift */; };
		54B371532772F84900592E93 /* ArtworksItemViewModel.swift in Sources */ = {isa = PBXBuildFile; fileRef = 54B371522772F84900592E93 /* ArtworksItemViewModel.swift */; };
		54B3716027730E4500592E93 /* DataTransferService.swift in Sources */ = {isa = PBXBuildFile; fileRef = 54B3715627730E4400592E93 /* DataTransferService.swift */; };
		54B3716127730E4500592E93 /* NetworkService.swift in Sources */ = {isa = PBXBuildFile; fileRef = 54B3715727730E4400592E93 /* NetworkService.swift */; };
		54B3716227730E4500592E93 /* Endpoint.swift in Sources */ = {isa = PBXBuildFile; fileRef = 54B3715827730E4400592E93 /* Endpoint.swift */; };
		54B3716327730E4500592E93 /* NetworkConfig.swift in Sources */ = {isa = PBXBuildFile; fileRef = 54B3715927730E4400592E93 /* NetworkConfig.swift */; };
		54B3716427730E4500592E93 /* NetworkConfigurableMock.swift in Sources */ = {isa = PBXBuildFile; fileRef = 54B3715C27730E4500592E93 /* NetworkConfigurableMock.swift */; };
		54B3716827730E5600592E93 /* DataTransferServiceTests.swift in Sources */ = {isa = PBXBuildFile; fileRef = 54B3715F27730E4500592E93 /* DataTransferServiceTests.swift */; };
		54B3716927730E8400592E93 /* NetworkSessionManagerMock.swift in Sources */ = {isa = PBXBuildFile; fileRef = 54B3715D27730E4500592E93 /* NetworkSessionManagerMock.swift */; };
		54B3716A27730E9C00592E93 /* NetworkServiceTests.swift in Sources */ = {isa = PBXBuildFile; fileRef = 54B3715E27730E4500592E93 /* NetworkServiceTests.swift */; };
		54B3716C277312E600592E93 /* APIEndpoints.swift in Sources */ = {isa = PBXBuildFile; fileRef = 54B3716B277312E600592E93 /* APIEndpoints.swift */; };
		54B3716E2773137300592E93 /* ArtworksRepo.swift in Sources */ = {isa = PBXBuildFile; fileRef = 54B3716D2773137300592E93 /* ArtworksRepo.swift */; };
		54B37170277319D400592E93 /* Logger.swift in Sources */ = {isa = PBXBuildFile; fileRef = 54B3716F277319D400592E93 /* Logger.swift */; };
		54B37171277326DA00592E93 /* NetworkConfig.swift in Sources */ = {isa = PBXBuildFile; fileRef = 54B3715927730E4400592E93 /* NetworkConfig.swift */; };
		54B37172277326DA00592E93 /* DataTransferService.swift in Sources */ = {isa = PBXBuildFile; fileRef = 54B3715627730E4400592E93 /* DataTransferService.swift */; };
		54B37173277326DA00592E93 /* NetworkService.swift in Sources */ = {isa = PBXBuildFile; fileRef = 54B3715727730E4400592E93 /* NetworkService.swift */; };
		54B37174277326DA00592E93 /* Endpoint.swift in Sources */ = {isa = PBXBuildFile; fileRef = 54B3715827730E4400592E93 /* Endpoint.swift */; };
		54B37175277326EE00592E93 /* NetworkConfigurableMock.swift in Sources */ = {isa = PBXBuildFile; fileRef = 54B3715C27730E4500592E93 /* NetworkConfigurableMock.swift */; };
		54B371772773515700592E93 /* ArtworksAPI.swift in Sources */ = {isa = PBXBuildFile; fileRef = 54B371762773515700592E93 /* ArtworksAPI.swift */; };
		54B371792773534B00592E93 /* AppConfiguration.swift in Sources */ = {isa = PBXBuildFile; fileRef = 54B371782773534B00592E93 /* AppConfiguration.swift */; };
		54B3717E2773556900592E93 /* ArtworkDetailsPresenter.swift in Sources */ = {isa = PBXBuildFile; fileRef = 54B3717B2773556800592E93 /* ArtworkDetailsPresenter.swift */; };
		54B3717F2773556900592E93 /* ArtworkDetailsVC.swift in Sources */ = {isa = PBXBuildFile; fileRef = 54B3717C2773556800592E93 /* ArtworkDetailsVC.swift */; };
		54B371802773556900592E93 /* ArtworkDetailsVC.storyboard in Resources */ = {isa = PBXBuildFile; fileRef = 54B3717D2773556800592E93 /* ArtworkDetailsVC.storyboard */; };
		54B37182277356A700592E93 /* ArtworkDetailsRouterProtocol.swift in Sources */ = {isa = PBXBuildFile; fileRef = 54B37181277356A600592E93 /* ArtworkDetailsRouterProtocol.swift */; };
		54B371842776144800592E93 /* ArtistsRepo.swift in Sources */ = {isa = PBXBuildFile; fileRef = 54B371832776144800592E93 /* ArtistsRepo.swift */; };
		54EC399B2777170D00B30672 /* ArtistInfoAPI.swift in Sources */ = {isa = PBXBuildFile; fileRef = 54EC399A2777170D00B30672 /* ArtistInfoAPI.swift */; };
		54EC399C27771E7300B30672 /* ArtistInfoAPI.swift in Sources */ = {isa = PBXBuildFile; fileRef = 54EC399A2777170D00B30672 /* ArtistInfoAPI.swift */; };
		54EC399D27771E7900B30672 /* ArtworksAPI.swift in Sources */ = {isa = PBXBuildFile; fileRef = 54B371762773515700592E93 /* ArtworksAPI.swift */; };
		54EC399F27771EC400B30672 /* Artist.swift in Sources */ = {isa = PBXBuildFile; fileRef = 54EC399E27771EC400B30672 /* Artist.swift */; };
		54EC39A027771EC400B30672 /* Artist.swift in Sources */ = {isa = PBXBuildFile; fileRef = 54EC399E27771EC400B30672 /* Artist.swift */; };
		54EC39A12777225B00B30672 /* Logger.swift in Sources */ = {isa = PBXBuildFile; fileRef = 54B3716F277319D400592E93 /* Logger.swift */; };
		54EC39A22777228100B30672 /* Artwork.swift in Sources */ = {isa = PBXBuildFile; fileRef = 54B371502772F80C00592E93 /* Artwork.swift */; };
		54EC39A62777288400B30672 /* ArtistInfoAPITests.swift in Sources */ = {isa = PBXBuildFile; fileRef = 54EC39A52777288400B30672 /* ArtistInfoAPITests.swift */; };
		54EC39A827773B9B00B30672 /* ArtistViewModel.swift in Sources */ = {isa = PBXBuildFile; fileRef = 54EC39A727773B9B00B30672 /* ArtistViewModel.swift */; };
		54EC39A927773B9B00B30672 /* ArtistViewModel.swift in Sources */ = {isa = PBXBuildFile; fileRef = 54EC39A727773B9B00B30672 /* ArtistViewModel.swift */; };
		54EC39AB2777640900B30672 /* DeviceRotationManagerProtocol.swift in Sources */ = {isa = PBXBuildFile; fileRef = 54EC39AA2777640900B30672 /* DeviceRotationManagerProtocol.swift */; };
		54EC39AC2777640900B30672 /* DeviceRotationManagerProtocol.swift in Sources */ = {isa = PBXBuildFile; fileRef = 54EC39AA2777640900B30672 /* DeviceRotationManagerProtocol.swift */; };
		54EC39AE2777643200B30672 /* DefaultDeviceRotationManager.swift in Sources */ = {isa = PBXBuildFile; fileRef = 54EC39AD2777643200B30672 /* DefaultDeviceRotationManager.swift */; };
		54EC39AF2777643200B30672 /* DefaultDeviceRotationManager.swift in Sources */ = {isa = PBXBuildFile; fileRef = 54EC39AD2777643200B30672 /* DefaultDeviceRotationManager.swift */; };
		64E567644E4447FB8866378C /* Pods_Artworks.framework in Frameworks */ = {isa = PBXBuildFile; fileRef = A19A29DCE450D05BBE4F919A /* Pods_Artworks.framework */; };
		FF93C91B2E5D280BDADDDE9F /* Pods_ArtworksTests.framework in Frameworks */ = {isa = PBXBuildFile; fileRef = DB50B92DDF0B02730AE58077 /* Pods_ArtworksTests.framework */; };
/* End PBXBuildFile section */

/* Begin PBXContainerItemProxy section */
		54B371152771BCA100592E93 /* PBXContainerItemProxy */ = {
			isa = PBXContainerItemProxy;
			containerPortal = 54B370F62771BCA000592E93 /* Project object */;
			proxyType = 1;
			remoteGlobalIDString = 54B370FD2771BCA000592E93;
			remoteInfo = Artworks;
		};
/* End PBXContainerItemProxy section */

/* Begin PBXFileReference section */
		27852B08FEF7841DFD1E2FA7 /* Pods-ArtworksTests.release.xcconfig */ = {isa = PBXFileReference; includeInIndex = 1; lastKnownFileType = text.xcconfig; name = "Pods-ArtworksTests.release.xcconfig"; path = "Target Support Files/Pods-ArtworksTests/Pods-ArtworksTests.release.xcconfig"; sourceTree = "<group>"; };
		54B370FE2771BCA000592E93 /* Artworks.app */ = {isa = PBXFileReference; explicitFileType = wrapper.application; includeInIndex = 0; path = Artworks.app; sourceTree = BUILT_PRODUCTS_DIR; };
		54B371012771BCA000592E93 /* AppDelegate.swift */ = {isa = PBXFileReference; lastKnownFileType = sourcecode.swift; path = AppDelegate.swift; sourceTree = "<group>"; };
		54B371032771BCA000592E93 /* SceneDelegate.swift */ = {isa = PBXFileReference; lastKnownFileType = sourcecode.swift; path = SceneDelegate.swift; sourceTree = "<group>"; };
		54B3710A2771BCA100592E93 /* Assets.xcassets */ = {isa = PBXFileReference; lastKnownFileType = folder.assetcatalog; path = Assets.xcassets; sourceTree = "<group>"; };
		54B3710D2771BCA100592E93 /* Base */ = {isa = PBXFileReference; lastKnownFileType = file.storyboard; name = Base; path = Base.lproj/LaunchScreen.storyboard; sourceTree = "<group>"; };
		54B3710F2771BCA100592E93 /* Info.plist */ = {isa = PBXFileReference; lastKnownFileType = text.plist.xml; path = Info.plist; sourceTree = "<group>"; };
		54B371142771BCA100592E93 /* ArtworksTests.xctest */ = {isa = PBXFileReference; explicitFileType = wrapper.cfbundle; includeInIndex = 0; path = ArtworksTests.xctest; sourceTree = BUILT_PRODUCTS_DIR; };
		54B371182771BCA100592E93 /* ArtworksTests.swift */ = {isa = PBXFileReference; lastKnownFileType = sourcecode.swift; path = ArtworksTests.swift; sourceTree = "<group>"; };
		54B371222771BCA200592E93 /* ArtworksUITests.swift */ = {isa = PBXFileReference; lastKnownFileType = sourcecode.swift; path = ArtworksUITests.swift; sourceTree = "<group>"; };
		54B371242771BCA200592E93 /* ArtworksUITestsLaunchTests.swift */ = {isa = PBXFileReference; lastKnownFileType = sourcecode.swift; path = ArtworksUITestsLaunchTests.swift; sourceTree = "<group>"; };
		54B371342771CB3200592E93 /* AppDIContainer.swift */ = {isa = PBXFileReference; lastKnownFileType = sourcecode.swift; path = AppDIContainer.swift; sourceTree = "<group>"; };
		54B371362771CB4200592E93 /* AppFlowCoordinator.swift */ = {isa = PBXFileReference; lastKnownFileType = sourcecode.swift; path = AppFlowCoordinator.swift; sourceTree = "<group>"; };
		54B371382771CBC800592E93 /* ArtworksListPresenter.swift */ = {isa = PBXFileReference; lastKnownFileType = sourcecode.swift; path = ArtworksListPresenter.swift; sourceTree = "<group>"; };
		54B371392771CBC800592E93 /* ArtworksListVC.swift */ = {isa = PBXFileReference; lastKnownFileType = sourcecode.swift; path = ArtworksListVC.swift; sourceTree = "<group>"; };
		54B3713C2771CCA500592E93 /* ArtworksListVC.storyboard */ = {isa = PBXFileReference; lastKnownFileType = file.storyboard; path = ArtworksListVC.storyboard; sourceTree = "<group>"; };
		54B3713E2771CFFB00592E93 /* ArtworksSceneFlowCoordinator.swift */ = {isa = PBXFileReference; lastKnownFileType = sourcecode.swift; path = ArtworksSceneFlowCoordinator.swift; sourceTree = "<group>"; };
		54B371402771D01300592E93 /* ArtworksSceneDIContainer.swift */ = {isa = PBXFileReference; lastKnownFileType = sourcecode.swift; path = ArtworksSceneDIContainer.swift; sourceTree = "<group>"; };
		54B371432771D2DF00592E93 /* ArtworksListRouterProtocol.swift */ = {isa = PBXFileReference; lastKnownFileType = sourcecode.swift; path = ArtworksListRouterProtocol.swift; sourceTree = "<group>"; };
		54B3714627720DD500592E93 /* ArtworkListTableCell.swift */ = {isa = PBXFileReference; lastKnownFileType = sourcecode.swift; path = ArtworkListTableCell.swift; sourceTree = "<group>"; };
		54B371492772F77800592E93 /* StoryboardInstantiable.swift */ = {isa = PBXFileReference; lastKnownFileType = sourcecode.swift; path = StoryboardInstantiable.swift; sourceTree = "<group>"; };
		54B371502772F80C00592E93 /* Artwork.swift */ = {isa = PBXFileReference; lastKnownFileType = sourcecode.swift; path = Artwork.swift; sourceTree = "<group>"; };
		54B371522772F84900592E93 /* ArtworksItemViewModel.swift */ = {isa = PBXFileReference; lastKnownFileType = sourcecode.swift; path = ArtworksItemViewModel.swift; sourceTree = "<group>"; };
		54B3715627730E4400592E93 /* DataTransferService.swift */ = {isa = PBXFileReference; fileEncoding = 4; lastKnownFileType = sourcecode.swift; path = DataTransferService.swift; sourceTree = "<group>"; };
		54B3715727730E4400592E93 /* NetworkService.swift */ = {isa = PBXFileReference; fileEncoding = 4; lastKnownFileType = sourcecode.swift; path = NetworkService.swift; sourceTree = "<group>"; };
		54B3715827730E4400592E93 /* Endpoint.swift */ = {isa = PBXFileReference; fileEncoding = 4; lastKnownFileType = sourcecode.swift; path = Endpoint.swift; sourceTree = "<group>"; };
		54B3715927730E4400592E93 /* NetworkConfig.swift */ = {isa = PBXFileReference; fileEncoding = 4; lastKnownFileType = sourcecode.swift; path = NetworkConfig.swift; sourceTree = "<group>"; };
		54B3715C27730E4500592E93 /* NetworkConfigurableMock.swift */ = {isa = PBXFileReference; fileEncoding = 4; lastKnownFileType = sourcecode.swift; path = NetworkConfigurableMock.swift; sourceTree = "<group>"; };
		54B3715D27730E4500592E93 /* NetworkSessionManagerMock.swift */ = {isa = PBXFileReference; fileEncoding = 4; lastKnownFileType = sourcecode.swift; path = NetworkSessionManagerMock.swift; sourceTree = "<group>"; };
		54B3715E27730E4500592E93 /* NetworkServiceTests.swift */ = {isa = PBXFileReference; fileEncoding = 4; lastKnownFileType = sourcecode.swift; path = NetworkServiceTests.swift; sourceTree = "<group>"; };
		54B3715F27730E4500592E93 /* DataTransferServiceTests.swift */ = {isa = PBXFileReference; fileEncoding = 4; lastKnownFileType = sourcecode.swift; path = DataTransferServiceTests.swift; sourceTree = "<group>"; };
		54B3716B277312E600592E93 /* APIEndpoints.swift */ = {isa = PBXFileReference; lastKnownFileType = sourcecode.swift; path = APIEndpoints.swift; sourceTree = "<group>"; };
		54B3716D2773137300592E93 /* ArtworksRepo.swift */ = {isa = PBXFileReference; lastKnownFileType = sourcecode.swift; path = ArtworksRepo.swift; sourceTree = "<group>"; };
		54B3716F277319D400592E93 /* Logger.swift */ = {isa = PBXFileReference; lastKnownFileType = sourcecode.swift; path = Logger.swift; sourceTree = "<group>"; };
		54B371762773515700592E93 /* ArtworksAPI.swift */ = {isa = PBXFileReference; lastKnownFileType = sourcecode.swift; path = ArtworksAPI.swift; sourceTree = "<group>"; };
		54B371782773534B00592E93 /* AppConfiguration.swift */ = {isa = PBXFileReference; lastKnownFileType = sourcecode.swift; path = AppConfiguration.swift; sourceTree = "<group>"; };
		54B3717B2773556800592E93 /* ArtworkDetailsPresenter.swift */ = {isa = PBXFileReference; lastKnownFileType = sourcecode.swift; path = ArtworkDetailsPresenter.swift; sourceTree = "<group>"; };
		54B3717C2773556800592E93 /* ArtworkDetailsVC.swift */ = {isa = PBXFileReference; lastKnownFileType = sourcecode.swift; path = ArtworkDetailsVC.swift; sourceTree = "<group>"; };
		54B3717D2773556800592E93 /* ArtworkDetailsVC.storyboard */ = {isa = PBXFileReference; lastKnownFileType = file.storyboard; path = ArtworkDetailsVC.storyboard; sourceTree = "<group>"; };
		54B37181277356A600592E93 /* ArtworkDetailsRouterProtocol.swift */ = {isa = PBXFileReference; lastKnownFileType = sourcecode.swift; path = ArtworkDetailsRouterProtocol.swift; sourceTree = "<group>"; };
		54B371832776144800592E93 /* ArtistsRepo.swift */ = {isa = PBXFileReference; lastKnownFileType = sourcecode.swift; path = ArtistsRepo.swift; sourceTree = "<group>"; };
		54EC399A2777170D00B30672 /* ArtistInfoAPI.swift */ = {isa = PBXFileReference; lastKnownFileType = sourcecode.swift; path = ArtistInfoAPI.swift; sourceTree = "<group>"; };
		54EC399E27771EC400B30672 /* Artist.swift */ = {isa = PBXFileReference; lastKnownFileType = sourcecode.swift; path = Artist.swift; sourceTree = "<group>"; };
		54EC39A52777288400B30672 /* ArtistInfoAPITests.swift */ = {isa = PBXFileReference; lastKnownFileType = sourcecode.swift; path = ArtistInfoAPITests.swift; sourceTree = "<group>"; };
		54EC39A727773B9B00B30672 /* ArtistViewModel.swift */ = {isa = PBXFileReference; lastKnownFileType = sourcecode.swift; path = ArtistViewModel.swift; sourceTree = "<group>"; };
		54EC39AA2777640900B30672 /* DeviceRotationManagerProtocol.swift */ = {isa = PBXFileReference; lastKnownFileType = sourcecode.swift; path = DeviceRotationManagerProtocol.swift; sourceTree = "<group>"; };
		54EC39AD2777643200B30672 /* DefaultDeviceRotationManager.swift */ = {isa = PBXFileReference; lastKnownFileType = sourcecode.swift; path = DefaultDeviceRotationManager.swift; sourceTree = "<group>"; };
		A1384FD64DCBDC7FEF838126 /* Pods-ArtworksTests.debug.xcconfig */ = {isa = PBXFileReference; includeInIndex = 1; lastKnownFileType = text.xcconfig; name = "Pods-ArtworksTests.debug.xcconfig"; path = "Target Support Files/Pods-ArtworksTests/Pods-ArtworksTests.debug.xcconfig"; sourceTree = "<group>"; };
		A19A29DCE450D05BBE4F919A /* Pods_Artworks.framework */ = {isa = PBXFileReference; explicitFileType = wrapper.framework; includeInIndex = 0; path = Pods_Artworks.framework; sourceTree = BUILT_PRODUCTS_DIR; };
		A6B313D58FC544D4C053B42C /* Pods-Artworks-ArtworksUITests.debug.xcconfig */ = {isa = PBXFileReference; includeInIndex = 1; lastKnownFileType = text.xcconfig; name = "Pods-Artworks-ArtworksUITests.debug.xcconfig"; path = "Target Support Files/Pods-Artworks-ArtworksUITests/Pods-Artworks-ArtworksUITests.debug.xcconfig"; sourceTree = "<group>"; };
		AA47F9147B0B51DD308296CB /* Pods-Artworks.debug.xcconfig */ = {isa = PBXFileReference; includeInIndex = 1; lastKnownFileType = text.xcconfig; name = "Pods-Artworks.debug.xcconfig"; path = "Target Support Files/Pods-Artworks/Pods-Artworks.debug.xcconfig"; sourceTree = "<group>"; };
		AC80BE6D3F19EBD25B5E15DE /* Pods-Artworks.release.xcconfig */ = {isa = PBXFileReference; includeInIndex = 1; lastKnownFileType = text.xcconfig; name = "Pods-Artworks.release.xcconfig"; path = "Target Support Files/Pods-Artworks/Pods-Artworks.release.xcconfig"; sourceTree = "<group>"; };
		C9DC1C958094D6080DD9D182 /* Pods_Artworks_ArtworksUITests.framework */ = {isa = PBXFileReference; explicitFileType = wrapper.framework; includeInIndex = 0; path = Pods_Artworks_ArtworksUITests.framework; sourceTree = BUILT_PRODUCTS_DIR; };
		DB50B92DDF0B02730AE58077 /* Pods_ArtworksTests.framework */ = {isa = PBXFileReference; explicitFileType = wrapper.framework; includeInIndex = 0; path = Pods_ArtworksTests.framework; sourceTree = BUILT_PRODUCTS_DIR; };
		F5E01E108294880A6713357F /* Pods-Artworks-ArtworksUITests.release.xcconfig */ = {isa = PBXFileReference; includeInIndex = 1; lastKnownFileType = text.xcconfig; name = "Pods-Artworks-ArtworksUITests.release.xcconfig"; path = "Target Support Files/Pods-Artworks-ArtworksUITests/Pods-Artworks-ArtworksUITests.release.xcconfig"; sourceTree = "<group>"; };
/* End PBXFileReference section */

/* Begin PBXFrameworksBuildPhase section */
		54B370FB2771BCA000592E93 /* Frameworks */ = {
			isa = PBXFrameworksBuildPhase;
			buildActionMask = 2147483647;
			files = (
				64E567644E4447FB8866378C /* Pods_Artworks.framework in Frameworks */,
			);
			runOnlyForDeploymentPostprocessing = 0;
		};
		54B371112771BCA100592E93 /* Frameworks */ = {
			isa = PBXFrameworksBuildPhase;
			buildActionMask = 2147483647;
			files = (
				FF93C91B2E5D280BDADDDE9F /* Pods_ArtworksTests.framework in Frameworks */,
			);
			runOnlyForDeploymentPostprocessing = 0;
		};
/* End PBXFrameworksBuildPhase section */

/* Begin PBXGroup section */
		54B370F52771BCA000592E93 = {
			isa = PBXGroup;
			children = (
				54B371002771BCA000592E93 /* Artworks */,
				54B371172771BCA100592E93 /* ArtworksTests */,
				54B371212771BCA200592E93 /* ArtworksUITests */,
				54B370FF2771BCA000592E93 /* Products */,
				9B4F8DCE1D26E7DC77E72429 /* Pods */,
				96FC11A979454373B24CF9F5 /* Frameworks */,
			);
			sourceTree = "<group>";
		};
		54B370FF2771BCA000592E93 /* Products */ = {
			isa = PBXGroup;
			children = (
				54B370FE2771BCA000592E93 /* Artworks.app */,
				54B371142771BCA100592E93 /* ArtworksTests.xctest */,
			);
			name = Products;
			sourceTree = "<group>";
		};
		54B371002771BCA000592E93 /* Artworks */ = {
			isa = PBXGroup;
			children = (
				54B371012771BCA000592E93 /* AppDelegate.swift */,
				54B371032771BCA000592E93 /* SceneDelegate.swift */,
				54B371782773534B00592E93 /* AppConfiguration.swift */,
				54B371362771CB4200592E93 /* AppFlowCoordinator.swift */,
				54B371342771CB3200592E93 /* AppDIContainer.swift */,
				54B3714F2772F7EE00592E93 /* Presentation */,
				54B3714C2772F7AE00592E93 /* Domain */,
				54B3714D2772F7BB00592E93 /* Data */,
				54B371482772F74400592E93 /* Util */,
				54B3710A2771BCA100592E93 /* Assets.xcassets */,
				54B3710C2771BCA100592E93 /* LaunchScreen.storyboard */,
				54B3710F2771BCA100592E93 /* Info.plist */,
			);
			path = Artworks;
			sourceTree = "<group>";
		};
		54B371172771BCA100592E93 /* ArtworksTests */ = {
			isa = PBXGroup;
			children = (
				54B371182771BCA100592E93 /* ArtworksTests.swift */,
				54EC39A52777288400B30672 /* ArtistInfoAPITests.swift */,
			);
			path = ArtworksTests;
			sourceTree = "<group>";
		};
		54B371212771BCA200592E93 /* ArtworksUITests */ = {
			isa = PBXGroup;
			children = (
				54B371222771BCA200592E93 /* ArtworksUITests.swift */,
				54B371242771BCA200592E93 /* ArtworksUITestsLaunchTests.swift */,
			);
			path = ArtworksUITests;
			sourceTree = "<group>";
		};
		54B371422771D27900592E93 /* ArtworksList */ = {
			isa = PBXGroup;
			children = (
				54B371432771D2DF00592E93 /* ArtworksListRouterProtocol.swift */,
				54B371382771CBC800592E93 /* ArtworksListPresenter.swift */,
				54B371522772F84900592E93 /* ArtworksItemViewModel.swift */,
				54B3713C2771CCA500592E93 /* ArtworksListVC.storyboard */,
				54B371392771CBC800592E93 /* ArtworksListVC.swift */,
				54B3714627720DD500592E93 /* ArtworkListTableCell.swift */,
			);
			path = ArtworksList;
			sourceTree = "<group>";
		};
		54B371452771EF0B00592E93 /* ArtworksScene */ = {
			isa = PBXGroup;
			children = (
				54B3713E2771CFFB00592E93 /* ArtworksSceneFlowCoordinator.swift */,
				54B371402771D01300592E93 /* ArtworksSceneDIContainer.swift */,
				54B371422771D27900592E93 /* ArtworksList */,
				54B3717A2773553E00592E93 /* ArtworkDetails */,
			);
			path = ArtworksScene;
			sourceTree = "<group>";
		};
		54B371482772F74400592E93 /* Util */ = {
			isa = PBXGroup;
			children = (
				54B371492772F77800592E93 /* StoryboardInstantiable.swift */,
				54B3716F277319D400592E93 /* Logger.swift */,
			);
			path = Util;
			sourceTree = "<group>";
		};
		54B3714C2772F7AE00592E93 /* Domain */ = {
			isa = PBXGroup;
			children = (
				54B3716D2773137300592E93 /* ArtworksRepo.swift */,
				54B371832776144800592E93 /* ArtistsRepo.swift */,
				54EC39AA2777640900B30672 /* DeviceRotationManagerProtocol.swift */,
				54EC39AD2777643200B30672 /* DefaultDeviceRotationManager.swift */,
				54B371502772F80C00592E93 /* Artwork.swift */,
				54EC399E27771EC400B30672 /* Artist.swift */,
			);
			path = Domain;
			sourceTree = "<group>";
		};
		54B3714D2772F7BB00592E93 /* Data */ = {
			isa = PBXGroup;
			children = (
				54B3716B277312E600592E93 /* APIEndpoints.swift */,
				54B371762773515700592E93 /* ArtworksAPI.swift */,
				54EC399A2777170D00B30672 /* ArtistInfoAPI.swift */,
				54B3715427730E4400592E93 /* SENetworking */,
			);
			path = Data;
			sourceTree = "<group>";
		};
		54B3714F2772F7EE00592E93 /* Presentation */ = {
			isa = PBXGroup;
			children = (
				54B371452771EF0B00592E93 /* ArtworksScene */,
			);
			path = Presentation;
			sourceTree = "<group>";
		};
		54B3715427730E4400592E93 /* SENetworking */ = {
			isa = PBXGroup;
			children = (
				54B3715527730E4400592E93 /* Module */,
				54B3715A27730E4500592E93 /* Tests */,
			);
			path = SENetworking;
			sourceTree = "<group>";
		};
		54B3715527730E4400592E93 /* Module */ = {
			isa = PBXGroup;
			children = (
				54B3715627730E4400592E93 /* DataTransferService.swift */,
				54B3715727730E4400592E93 /* NetworkService.swift */,
				54B3715827730E4400592E93 /* Endpoint.swift */,
				54B3715927730E4400592E93 /* NetworkConfig.swift */,
			);
			path = Module;
			sourceTree = "<group>";
		};
		54B3715A27730E4500592E93 /* Tests */ = {
			isa = PBXGroup;
			children = (
				54B3715B27730E4500592E93 /* Mocks */,
				54B3715E27730E4500592E93 /* NetworkServiceTests.swift */,
				54B3715F27730E4500592E93 /* DataTransferServiceTests.swift */,
			);
			path = Tests;
			sourceTree = "<group>";
		};
		54B3715B27730E4500592E93 /* Mocks */ = {
			isa = PBXGroup;
			children = (
				54B3715C27730E4500592E93 /* NetworkConfigurableMock.swift */,
				54B3715D27730E4500592E93 /* NetworkSessionManagerMock.swift */,
			);
			path = Mocks;
			sourceTree = "<group>";
		};
		54B3717A2773553E00592E93 /* ArtworkDetails */ = {
			isa = PBXGroup;
			children = (
				54B37181277356A600592E93 /* ArtworkDetailsRouterProtocol.swift */,
				54B3717B2773556800592E93 /* ArtworkDetailsPresenter.swift */,
				54B3717D2773556800592E93 /* ArtworkDetailsVC.storyboard */,
				54B3717C2773556800592E93 /* ArtworkDetailsVC.swift */,
				54EC39A727773B9B00B30672 /* ArtistViewModel.swift */,
			);
			path = ArtworkDetails;
			sourceTree = "<group>";
		};
		96FC11A979454373B24CF9F5 /* Frameworks */ = {
			isa = PBXGroup;
			children = (
				A19A29DCE450D05BBE4F919A /* Pods_Artworks.framework */,
				C9DC1C958094D6080DD9D182 /* Pods_Artworks_ArtworksUITests.framework */,
				DB50B92DDF0B02730AE58077 /* Pods_ArtworksTests.framework */,
			);
			name = Frameworks;
			sourceTree = "<group>";
		};
		9B4F8DCE1D26E7DC77E72429 /* Pods */ = {
			isa = PBXGroup;
			children = (
				AA47F9147B0B51DD308296CB /* Pods-Artworks.debug.xcconfig */,
				AC80BE6D3F19EBD25B5E15DE /* Pods-Artworks.release.xcconfig */,
				A6B313D58FC544D4C053B42C /* Pods-Artworks-ArtworksUITests.debug.xcconfig */,
				F5E01E108294880A6713357F /* Pods-Artworks-ArtworksUITests.release.xcconfig */,
				A1384FD64DCBDC7FEF838126 /* Pods-ArtworksTests.debug.xcconfig */,
				27852B08FEF7841DFD1E2FA7 /* Pods-ArtworksTests.release.xcconfig */,
			);
			path = Pods;
			sourceTree = "<group>";
		};
/* End PBXGroup section */

/* Begin PBXNativeTarget section */
		54B370FD2771BCA000592E93 /* Artworks */ = {
			isa = PBXNativeTarget;
			buildConfigurationList = 54B371282771BCA200592E93 /* Build configuration list for PBXNativeTarget "Artworks" */;
			buildPhases = (
				FD5472257ED02DCD507C78D0 /* [CP] Check Pods Manifest.lock */,
				54B370FA2771BCA000592E93 /* Sources */,
				54B370FB2771BCA000592E93 /* Frameworks */,
				54B370FC2771BCA000592E93 /* Resources */,
				74B16EADEAB7D565966B762A /* [CP] Embed Pods Frameworks */,
			);
			buildRules = (
			);
			dependencies = (
			);
			name = Artworks;
			productName = Artworks;
			productReference = 54B370FE2771BCA000592E93 /* Artworks.app */;
			productType = "com.apple.product-type.application";
		};
		54B371132771BCA100592E93 /* ArtworksTests */ = {
			isa = PBXNativeTarget;
			buildConfigurationList = 54B3712B2771BCA200592E93 /* Build configuration list for PBXNativeTarget "ArtworksTests" */;
			buildPhases = (
				3C966972E7D0969B37040F4E /* [CP] Check Pods Manifest.lock */,
				54B371102771BCA100592E93 /* Sources */,
				54B371112771BCA100592E93 /* Frameworks */,
				54B371122771BCA100592E93 /* Resources */,
			);
			buildRules = (
			);
			dependencies = (
				54B371162771BCA100592E93 /* PBXTargetDependency */,
			);
			name = ArtworksTests;
			productName = ArtworksTests;
			productReference = 54B371142771BCA100592E93 /* ArtworksTests.xctest */;
			productType = "com.apple.product-type.bundle.unit-test";
		};
/* End PBXNativeTarget section */

/* Begin PBXProject section */
		54B370F62771BCA000592E93 /* Project object */ = {
			isa = PBXProject;
			attributes = {
				BuildIndependentTargetsInParallel = 1;
				LastSwiftUpdateCheck = 1300;
				LastUpgradeCheck = 1300;
				TargetAttributes = {
					54B370FD2771BCA000592E93 = {
						CreatedOnToolsVersion = 13.0;
					};
					54B371132771BCA100592E93 = {
						CreatedOnToolsVersion = 13.0;
						TestTargetID = 54B370FD2771BCA000592E93;
					};
				};
			};
			buildConfigurationList = 54B370F92771BCA000592E93 /* Build configuration list for PBXProject "Artworks" */;
			compatibilityVersion = "Xcode 13.0";
			developmentRegion = en;
			hasScannedForEncodings = 0;
			knownRegions = (
				en,
				Base,
			);
			mainGroup = 54B370F52771BCA000592E93;
			productRefGroup = 54B370FF2771BCA000592E93 /* Products */;
			projectDirPath = "";
			projectRoot = "";
			targets = (
				54B370FD2771BCA000592E93 /* Artworks */,
				54B371132771BCA100592E93 /* ArtworksTests */,
			);
		};
/* End PBXProject section */

/* Begin PBXResourcesBuildPhase section */
		54B370FC2771BCA000592E93 /* Resources */ = {
			isa = PBXResourcesBuildPhase;
			buildActionMask = 2147483647;
			files = (
				54B3713D2771CCA500592E93 /* ArtworksListVC.storyboard in Resources */,
				54B3710E2771BCA100592E93 /* LaunchScreen.storyboard in Resources */,
				54B3710B2771BCA100592E93 /* Assets.xcassets in Resources */,
				54B371802773556900592E93 /* ArtworkDetailsVC.storyboard in Resources */,
			);
			runOnlyForDeploymentPostprocessing = 0;
		};
		54B371122771BCA100592E93 /* Resources */ = {
			isa = PBXResourcesBuildPhase;
			buildActionMask = 2147483647;
			files = (
			);
			runOnlyForDeploymentPostprocessing = 0;
		};
/* End PBXResourcesBuildPhase section */

/* Begin PBXShellScriptBuildPhase section */
		3C966972E7D0969B37040F4E /* [CP] Check Pods Manifest.lock */ = {
			isa = PBXShellScriptBuildPhase;
			buildActionMask = 2147483647;
			files = (
			);
			inputFileListPaths = (
			);
			inputPaths = (
				"${PODS_PODFILE_DIR_PATH}/Podfile.lock",
				"${PODS_ROOT}/Manifest.lock",
			);
			name = "[CP] Check Pods Manifest.lock";
			outputFileListPaths = (
			);
			outputPaths = (
				"$(DERIVED_FILE_DIR)/Pods-ArtworksTests-checkManifestLockResult.txt",
			);
			runOnlyForDeploymentPostprocessing = 0;
			shellPath = /bin/sh;
			shellScript = "diff \"${PODS_PODFILE_DIR_PATH}/Podfile.lock\" \"${PODS_ROOT}/Manifest.lock\" > /dev/null\nif [ $? != 0 ] ; then\n    # print error to STDERR\n    echo \"error: The sandbox is not in sync with the Podfile.lock. Run 'pod install' or update your CocoaPods installation.\" >&2\n    exit 1\nfi\n# This output is used by Xcode 'outputs' to avoid re-running this script phase.\necho \"SUCCESS\" > \"${SCRIPT_OUTPUT_FILE_0}\"\n";
			showEnvVarsInLog = 0;
		};
		74B16EADEAB7D565966B762A /* [CP] Embed Pods Frameworks */ = {
			isa = PBXShellScriptBuildPhase;
			buildActionMask = 2147483647;
			files = (
			);
			inputFileListPaths = (
				"${PODS_ROOT}/Target Support Files/Pods-Artworks/Pods-Artworks-frameworks-${CONFIGURATION}-input-files.xcfilelist",
			);
			name = "[CP] Embed Pods Frameworks";
			outputFileListPaths = (
				"${PODS_ROOT}/Target Support Files/Pods-Artworks/Pods-Artworks-frameworks-${CONFIGURATION}-output-files.xcfilelist",
			);
			runOnlyForDeploymentPostprocessing = 0;
			shellPath = /bin/sh;
			shellScript = "\"${PODS_ROOT}/Target Support Files/Pods-Artworks/Pods-Artworks-frameworks.sh\"\n";
			showEnvVarsInLog = 0;
		};
		FD5472257ED02DCD507C78D0 /* [CP] Check Pods Manifest.lock */ = {
			isa = PBXShellScriptBuildPhase;
			buildActionMask = 2147483647;
			files = (
			);
			inputFileListPaths = (
			);
			inputPaths = (
				"${PODS_PODFILE_DIR_PATH}/Podfile.lock",
				"${PODS_ROOT}/Manifest.lock",
			);
			name = "[CP] Check Pods Manifest.lock";
			outputFileListPaths = (
			);
			outputPaths = (
				"$(DERIVED_FILE_DIR)/Pods-Artworks-checkManifestLockResult.txt",
			);
			runOnlyForDeploymentPostprocessing = 0;
			shellPath = /bin/sh;
			shellScript = "diff \"${PODS_PODFILE_DIR_PATH}/Podfile.lock\" \"${PODS_ROOT}/Manifest.lock\" > /dev/null\nif [ $? != 0 ] ; then\n    # print error to STDERR\n    echo \"error: The sandbox is not in sync with the Podfile.lock. Run 'pod install' or update your CocoaPods installation.\" >&2\n    exit 1\nfi\n# This output is used by Xcode 'outputs' to avoid re-running this script phase.\necho \"SUCCESS\" > \"${SCRIPT_OUTPUT_FILE_0}\"\n";
			showEnvVarsInLog = 0;
		};
/* End PBXShellScriptBuildPhase section */

/* Begin PBXSourcesBuildPhase section */
		54B370FA2771BCA000592E93 /* Sources */ = {
			isa = PBXSourcesBuildPhase;
			buildActionMask = 2147483647;
			files = (
				54B3716027730E4500592E93 /* DataTransferService.swift in Sources */,
				54B371352771CB3200592E93 /* AppDIContainer.swift in Sources */,
				54B371372771CB4200592E93 /* AppFlowCoordinator.swift in Sources */,
				54B3716427730E4500592E93 /* NetworkConfigurableMock.swift in Sources */,
				54EC399F27771EC400B30672 /* Artist.swift in Sources */,
				54B37170277319D400592E93 /* Logger.swift in Sources */,
				54B371022771BCA000592E93 /* AppDelegate.swift in Sources */,
				54B371042771BCA000592E93 /* SceneDelegate.swift in Sources */,
				54EC39AB2777640900B30672 /* DeviceRotationManagerProtocol.swift in Sources */,
				54B3716327730E4500592E93 /* NetworkConfig.swift in Sources */,
				54B371842776144800592E93 /* ArtistsRepo.swift in Sources */,
				54B371412771D01300592E93 /* ArtworksSceneDIContainer.swift in Sources */,
				54B3714727720DD500592E93 /* ArtworkListTableCell.swift in Sources */,
				54B371442771D2DF00592E93 /* ArtworksListRouterProtocol.swift in Sources */,
				54B3714A2772F77800592E93 /* StoryboardInstantiable.swift in Sources */,
				54B3717E2773556900592E93 /* ArtworkDetailsPresenter.swift in Sources */,
				54EC39A827773B9B00B30672 /* ArtistViewModel.swift in Sources */,
				54EC39AE2777643200B30672 /* DefaultDeviceRotationManager.swift in Sources */,
				54B3716C277312E600592E93 /* APIEndpoints.swift in Sources */,
				54B3716E2773137300592E93 /* ArtworksRepo.swift in Sources */,
				54B3717F2773556900592E93 /* ArtworkDetailsVC.swift in Sources */,
				54B3713F2771CFFB00592E93 /* ArtworksSceneFlowCoordinator.swift in Sources */,
				54B371792773534B00592E93 /* AppConfiguration.swift in Sources */,
				54B3716227730E4500592E93 /* Endpoint.swift in Sources */,
				54B3716127730E4500592E93 /* NetworkService.swift in Sources */,
				54B37182277356A700592E93 /* ArtworkDetailsRouterProtocol.swift in Sources */,
				54B3713A2771CBC800592E93 /* ArtworksListPresenter.swift in Sources */,
				54EC399B2777170D00B30672 /* ArtistInfoAPI.swift in Sources */,
				54B371512772F80C00592E93 /* Artwork.swift in Sources */,
				54B371532772F84900592E93 /* ArtworksItemViewModel.swift in Sources */,
				54B3713B2771CBC800592E93 /* ArtworksListVC.swift in Sources */,
				54B371772773515700592E93 /* ArtworksAPI.swift in Sources */,
			);
			runOnlyForDeploymentPostprocessing = 0;
		};
		54B371102771BCA100592E93 /* Sources */ = {
			isa = PBXSourcesBuildPhase;
			buildActionMask = 2147483647;
			files = (
				54B37172277326DA00592E93 /* DataTransferService.swift in Sources */,
				54EC39AF2777643200B30672 /* DefaultDeviceRotationManager.swift in Sources */,
				54B3716827730E5600592E93 /* DataTransferServiceTests.swift in Sources */,
				54EC39A22777228100B30672 /* Artwork.swift in Sources */,
				54EC39A927773B9B00B30672 /* ArtistViewModel.swift in Sources */,
				54B37174277326DA00592E93 /* Endpoint.swift in Sources */,
				54B37175277326EE00592E93 /* NetworkConfigurableMock.swift in Sources */,
				54EC39A62777288400B30672 /* ArtistInfoAPITests.swift in Sources */,
				54B37171277326DA00592E93 /* NetworkConfig.swift in Sources */,
				54EC399C27771E7300B30672 /* ArtistInfoAPI.swift in Sources */,
				54EC39A027771EC400B30672 /* Artist.swift in Sources */,
				54B371192771BCA100592E93 /* ArtworksTests.swift in Sources */,
				54EC39AC2777640900B30672 /* DeviceRotationManagerProtocol.swift in Sources */,
				54B3716A27730E9C00592E93 /* NetworkServiceTests.swift in Sources */,
				54EC39A12777225B00B30672 /* Logger.swift in Sources */,
				54B3716927730E8400592E93 /* NetworkSessionManagerMock.swift in Sources */,
				54B37173277326DA00592E93 /* NetworkService.swift in Sources */,
				54EC399D27771E7900B30672 /* ArtworksAPI.swift in Sources */,
			);
			runOnlyForDeploymentPostprocessing = 0;
		};
/* End PBXSourcesBuildPhase section */

/* Begin PBXTargetDependency section */
		54B371162771BCA100592E93 /* PBXTargetDependency */ = {
			isa = PBXTargetDependency;
			target = 54B370FD2771BCA000592E93 /* Artworks */;
			targetProxy = 54B371152771BCA100592E93 /* PBXContainerItemProxy */;
		};
/* End PBXTargetDependency section */

/* Begin PBXVariantGroup section */
		54B3710C2771BCA100592E93 /* LaunchScreen.storyboard */ = {
			isa = PBXVariantGroup;
			children = (
				54B3710D2771BCA100592E93 /* Base */,
			);
			name = LaunchScreen.storyboard;
			sourceTree = "<group>";
		};
/* End PBXVariantGroup section */

/* Begin XCBuildConfiguration section */
		54B371262771BCA200592E93 /* Debug */ = {
			isa = XCBuildConfiguration;
			buildSettings = {
				ALWAYS_SEARCH_USER_PATHS = NO;
				CLANG_ANALYZER_NONNULL = YES;
				CLANG_ANALYZER_NUMBER_OBJECT_CONVERSION = YES_AGGRESSIVE;
				CLANG_CXX_LANGUAGE_STANDARD = "gnu++17";
				CLANG_CXX_LIBRARY = "libc++";
				CLANG_ENABLE_MODULES = YES;
				CLANG_ENABLE_OBJC_ARC = YES;
				CLANG_ENABLE_OBJC_WEAK = YES;
				CLANG_WARN_BLOCK_CAPTURE_AUTORELEASING = YES;
				CLANG_WARN_BOOL_CONVERSION = YES;
				CLANG_WARN_COMMA = YES;
				CLANG_WARN_CONSTANT_CONVERSION = YES;
				CLANG_WARN_DEPRECATED_OBJC_IMPLEMENTATIONS = YES;
				CLANG_WARN_DIRECT_OBJC_ISA_USAGE = YES_ERROR;
				CLANG_WARN_DOCUMENTATION_COMMENTS = YES;
				CLANG_WARN_EMPTY_BODY = YES;
				CLANG_WARN_ENUM_CONVERSION = YES;
				CLANG_WARN_INFINITE_RECURSION = YES;
				CLANG_WARN_INT_CONVERSION = YES;
				CLANG_WARN_NON_LITERAL_NULL_CONVERSION = YES;
				CLANG_WARN_OBJC_IMPLICIT_RETAIN_SELF = YES;
				CLANG_WARN_OBJC_LITERAL_CONVERSION = YES;
				CLANG_WARN_OBJC_ROOT_CLASS = YES_ERROR;
				CLANG_WARN_QUOTED_INCLUDE_IN_FRAMEWORK_HEADER = YES;
				CLANG_WARN_RANGE_LOOP_ANALYSIS = YES;
				CLANG_WARN_STRICT_PROTOTYPES = YES;
				CLANG_WARN_SUSPICIOUS_MOVE = YES;
				CLANG_WARN_UNGUARDED_AVAILABILITY = YES_AGGRESSIVE;
				CLANG_WARN_UNREACHABLE_CODE = YES;
				CLANG_WARN__DUPLICATE_METHOD_MATCH = YES;
				COPY_PHASE_STRIP = NO;
				DEBUG_INFORMATION_FORMAT = dwarf;
				ENABLE_STRICT_OBJC_MSGSEND = YES;
				ENABLE_TESTABILITY = YES;
				GCC_C_LANGUAGE_STANDARD = gnu11;
				GCC_DYNAMIC_NO_PIC = NO;
				GCC_NO_COMMON_BLOCKS = YES;
				GCC_OPTIMIZATION_LEVEL = 0;
				GCC_PREPROCESSOR_DEFINITIONS = (
					"DEBUG=1",
					"$(inherited)",
				);
				GCC_WARN_64_TO_32_BIT_CONVERSION = YES;
				GCC_WARN_ABOUT_RETURN_TYPE = YES_ERROR;
				GCC_WARN_UNDECLARED_SELECTOR = YES;
				GCC_WARN_UNINITIALIZED_AUTOS = YES_AGGRESSIVE;
				GCC_WARN_UNUSED_FUNCTION = YES;
				GCC_WARN_UNUSED_VARIABLE = YES;
				IPHONEOS_DEPLOYMENT_TARGET = 15.0;
				MTL_ENABLE_DEBUG_INFO = INCLUDE_SOURCE;
				MTL_FAST_MATH = YES;
				ONLY_ACTIVE_ARCH = YES;
				SDKROOT = iphoneos;
				SWIFT_ACTIVE_COMPILATION_CONDITIONS = DEBUG;
				SWIFT_OPTIMIZATION_LEVEL = "-Onone";
			};
			name = Debug;
		};
		54B371272771BCA200592E93 /* Release */ = {
			isa = XCBuildConfiguration;
			buildSettings = {
				ALWAYS_SEARCH_USER_PATHS = NO;
				CLANG_ANALYZER_NONNULL = YES;
				CLANG_ANALYZER_NUMBER_OBJECT_CONVERSION = YES_AGGRESSIVE;
				CLANG_CXX_LANGUAGE_STANDARD = "gnu++17";
				CLANG_CXX_LIBRARY = "libc++";
				CLANG_ENABLE_MODULES = YES;
				CLANG_ENABLE_OBJC_ARC = YES;
				CLANG_ENABLE_OBJC_WEAK = YES;
				CLANG_WARN_BLOCK_CAPTURE_AUTORELEASING = YES;
				CLANG_WARN_BOOL_CONVERSION = YES;
				CLANG_WARN_COMMA = YES;
				CLANG_WARN_CONSTANT_CONVERSION = YES;
				CLANG_WARN_DEPRECATED_OBJC_IMPLEMENTATIONS = YES;
				CLANG_WARN_DIRECT_OBJC_ISA_USAGE = YES_ERROR;
				CLANG_WARN_DOCUMENTATION_COMMENTS = YES;
				CLANG_WARN_EMPTY_BODY = YES;
				CLANG_WARN_ENUM_CONVERSION = YES;
				CLANG_WARN_INFINITE_RECURSION = YES;
				CLANG_WARN_INT_CONVERSION = YES;
				CLANG_WARN_NON_LITERAL_NULL_CONVERSION = YES;
				CLANG_WARN_OBJC_IMPLICIT_RETAIN_SELF = YES;
				CLANG_WARN_OBJC_LITERAL_CONVERSION = YES;
				CLANG_WARN_OBJC_ROOT_CLASS = YES_ERROR;
				CLANG_WARN_QUOTED_INCLUDE_IN_FRAMEWORK_HEADER = YES;
				CLANG_WARN_RANGE_LOOP_ANALYSIS = YES;
				CLANG_WARN_STRICT_PROTOTYPES = YES;
				CLANG_WARN_SUSPICIOUS_MOVE = YES;
				CLANG_WARN_UNGUARDED_AVAILABILITY = YES_AGGRESSIVE;
				CLANG_WARN_UNREACHABLE_CODE = YES;
				CLANG_WARN__DUPLICATE_METHOD_MATCH = YES;
				COPY_PHASE_STRIP = NO;
				DEBUG_INFORMATION_FORMAT = "dwarf-with-dsym";
				ENABLE_NS_ASSERTIONS = NO;
				ENABLE_STRICT_OBJC_MSGSEND = YES;
				GCC_C_LANGUAGE_STANDARD = gnu11;
				GCC_NO_COMMON_BLOCKS = YES;
				GCC_WARN_64_TO_32_BIT_CONVERSION = YES;
				GCC_WARN_ABOUT_RETURN_TYPE = YES_ERROR;
				GCC_WARN_UNDECLARED_SELECTOR = YES;
				GCC_WARN_UNINITIALIZED_AUTOS = YES_AGGRESSIVE;
				GCC_WARN_UNUSED_FUNCTION = YES;
				GCC_WARN_UNUSED_VARIABLE = YES;
				IPHONEOS_DEPLOYMENT_TARGET = 15.0;
				MTL_ENABLE_DEBUG_INFO = NO;
				MTL_FAST_MATH = YES;
				SDKROOT = iphoneos;
				SWIFT_COMPILATION_MODE = wholemodule;
				SWIFT_OPTIMIZATION_LEVEL = "-O";
				VALIDATE_PRODUCT = YES;
			};
			name = Release;
		};
		54B371292771BCA200592E93 /* Debug */ = {
			isa = XCBuildConfiguration;
			baseConfigurationReference = AA47F9147B0B51DD308296CB /* Pods-Artworks.debug.xcconfig */;
			buildSettings = {
				ASSETCATALOG_COMPILER_APPICON_NAME = AppIcon;
				ASSETCATALOG_COMPILER_GLOBAL_ACCENT_COLOR_NAME = AccentColor;
				CODE_SIGN_STYLE = Automatic;
				CURRENT_PROJECT_VERSION = 1;
				DEVELOPMENT_TEAM = "";
				GENERATE_INFOPLIST_FILE = YES;
				INFOPLIST_FILE = Artworks/Info.plist;
				INFOPLIST_KEY_UIApplicationSupportsIndirectInputEvents = YES;
				INFOPLIST_KEY_UILaunchStoryboardName = LaunchScreen;
				INFOPLIST_KEY_UISupportedInterfaceOrientations_iPad = "UIInterfaceOrientationPortrait UIInterfaceOrientationPortraitUpsideDown UIInterfaceOrientationLandscapeLeft UIInterfaceOrientationLandscapeRight";
				INFOPLIST_KEY_UISupportedInterfaceOrientations_iPhone = "UIInterfaceOrientationPortrait UIInterfaceOrientationLandscapeLeft UIInterfaceOrientationLandscapeRight";
				IPHONEOS_DEPLOYMENT_TARGET = 14.0;
				LD_RUNPATH_SEARCH_PATHS = (
					"$(inherited)",
					"@executable_path/Frameworks",
				);
				MARKETING_VERSION = 1.0;
				PRODUCT_BUNDLE_IDENTIFIER = "com.ma.artworks-demo";
				PRODUCT_NAME = "$(TARGET_NAME)";
				SWIFT_EMIT_LOC_STRINGS = YES;
				SWIFT_VERSION = 5.0;
				TARGETED_DEVICE_FAMILY = "1,2";
			};
			name = Debug;
		};
		54B3712A2771BCA200592E93 /* Release */ = {
			isa = XCBuildConfiguration;
			baseConfigurationReference = AC80BE6D3F19EBD25B5E15DE /* Pods-Artworks.release.xcconfig */;
			buildSettings = {
				ASSETCATALOG_COMPILER_APPICON_NAME = AppIcon;
				ASSETCATALOG_COMPILER_GLOBAL_ACCENT_COLOR_NAME = AccentColor;
				CODE_SIGN_STYLE = Manual;
				CURRENT_PROJECT_VERSION = 1;
				DEVELOPMENT_TEAM = "";
				GENERATE_INFOPLIST_FILE = YES;
				INFOPLIST_FILE = Artworks/Info.plist;
				INFOPLIST_KEY_UIApplicationSupportsIndirectInputEvents = YES;
				INFOPLIST_KEY_UILaunchStoryboardName = LaunchScreen;
				INFOPLIST_KEY_UISupportedInterfaceOrientations_iPad = "UIInterfaceOrientationPortrait UIInterfaceOrientationPortraitUpsideDown UIInterfaceOrientationLandscapeLeft UIInterfaceOrientationLandscapeRight";
				INFOPLIST_KEY_UISupportedInterfaceOrientations_iPhone = "UIInterfaceOrientationPortrait UIInterfaceOrientationLandscapeLeft UIInterfaceOrientationLandscapeRight";
				IPHONEOS_DEPLOYMENT_TARGET = 14.0;
				LD_RUNPATH_SEARCH_PATHS = (
					"$(inherited)",
					"@executable_path/Frameworks",
				);
				MARKETING_VERSION = 1.0;
				PRODUCT_BUNDLE_IDENTIFIER = "com.ma.artworks-demo";
				PRODUCT_NAME = "$(TARGET_NAME)";
				PROVISIONING_PROFILE_SPECIFIER = "";
				SWIFT_EMIT_LOC_STRINGS = YES;
				SWIFT_VERSION = 5.0;
				TARGETED_DEVICE_FAMILY = "1,2";
			};
			name = Release;
		};
		54B3712C2771BCA200592E93 /* Debug */ = {
			isa = XCBuildConfiguration;
			baseConfigurationReference = A1384FD64DCBDC7FEF838126 /* Pods-ArtworksTests.debug.xcconfig */;
			buildSettings = {
				ALWAYS_EMBED_SWIFT_STANDARD_LIBRARIES = YES;
				BUNDLE_LOADER = "$(TEST_HOST)";
				CODE_SIGN_STYLE = Automatic;
				CURRENT_PROJECT_VERSION = 1;
				DEVELOPMENT_TEAM = JSZ9BPQ2F4;
				GENERATE_INFOPLIST_FILE = YES;
				IPHONEOS_DEPLOYMENT_TARGET = 15.0;
				LD_RUNPATH_SEARCH_PATHS = (
					"$(inherited)",
					"@executable_path/Frameworks",
					"@loader_path/Frameworks",
				);
				MARKETING_VERSION = 1.0;
				PRODUCT_BUNDLE_IDENTIFIER = MA.com.ArtworksTests;
				PRODUCT_NAME = "$(TARGET_NAME)";
				SWIFT_EMIT_LOC_STRINGS = NO;
				SWIFT_VERSION = 5.0;
				TARGETED_DEVICE_FAMILY = "1,2";
				TEST_HOST = "$(BUILT_PRODUCTS_DIR)/Artworks.app/Artworks";
			};
			name = Debug;
		};
		54B3712D2771BCA200592E93 /* Release */ = {
			isa = XCBuildConfiguration;
			baseConfigurationReference = 27852B08FEF7841DFD1E2FA7 /* Pods-ArtworksTests.release.xcconfig */;
			buildSettings = {
				ALWAYS_EMBED_SWIFT_STANDARD_LIBRARIES = YES;
				BUNDLE_LOADER = "$(TEST_HOST)";
				CODE_SIGN_STYLE = Automatic;
				CURRENT_PROJECT_VERSION = 1;
				DEVELOPMENT_TEAM = JSZ9BPQ2F4;
				GENERATE_INFOPLIST_FILE = YES;
				IPHONEOS_DEPLOYMENT_TARGET = 15.0;
				LD_RUNPATH_SEARCH_PATHS = (
					"$(inherited)",
					"@executable_path/Frameworks",
					"@loader_path/Frameworks",
				);
				MARKETING_VERSION = 1.0;
				PRODUCT_BUNDLE_IDENTIFIER = MA.com.ArtworksTests;
				PRODUCT_NAME = "$(TARGET_NAME)";
				SWIFT_EMIT_LOC_STRINGS = NO;
				SWIFT_VERSION = 5.0;
				TARGETED_DEVICE_FAMILY = "1,2";
				TEST_HOST = "$(BUILT_PRODUCTS_DIR)/Artworks.app/Artworks";
			};
			name = Release;
		};
/* End XCBuildConfiguration section */

/* Begin XCConfigurationList section */
		54B370F92771BCA000592E93 /* Build configuration list for PBXProject "Artworks" */ = {
			isa = XCConfigurationList;
			buildConfigurations = (
				54B371262771BCA200592E93 /* Debug */,
				54B371272771BCA200592E93 /* Release */,
			);
			defaultConfigurationIsVisible = 0;
			defaultConfigurationName = Release;
		};
		54B371282771BCA200592E93 /* Build configuration list for PBXNativeTarget "Artworks" */ = {
			isa = XCConfigurationList;
			buildConfigurations = (
				54B371292771BCA200592E93 /* Debug */,
				54B3712A2771BCA200592E93 /* Release */,
			);
			defaultConfigurationIsVisible = 0;
			defaultConfigurationName = Release;
		};
		54B3712B2771BCA200592E93 /* Build configuration list for PBXNativeTarget "ArtworksTests" */ = {
			isa = XCConfigurationList;
			buildConfigurations = (
				54B3712C2771BCA200592E93 /* Debug */,
				54B3712D2771BCA200592E93 /* Release */,
			);
			defaultConfigurationIsVisible = 0;
			defaultConfigurationName = Release;
		};
/* End XCConfigurationList section */
	};
	rootObject = 54B370F62771BCA000592E93 /* Project object */;
}
